
Microsoft Visual Studio Solution File, Format Version 12.00
Project("{2150E333-8FDC-42A3-9474-1A3956D46DE8}") = "src", "src", "{66F2F49E-4A32-4570-B07E-45F730F0967D}"
	ProjectSection(SolutionItems) = preProject
		src\Directory.Build.props = src\Directory.Build.props
	EndProjectSection
EndProject
Project("{FAE04EC0-301F-11D3-BF4B-00C04F79EFBC}") = "BeerSender.Domain", "src\BeerSender.Domain\BeerSender.Domain.csproj", "{B70C88A4-9AC6-477A-9569-C7B515B793B3}"
EndProject
Project("{2150E333-8FDC-42A3-9474-1A3956D46DE8}") = "tests", "tests", "{499536AC-A36E-460F-BFFC-2374B27795CB}"
	ProjectSection(SolutionItems) = preProject
		tests\Directory.Build.props = tests\Directory.Build.props
	EndProjectSection
EndProject
Project("{FAE04EC0-301F-11D3-BF4B-00C04F79EFBC}") = "BeerSender.Domain.Tests", "tests\BeerSender.Domain.Tests\BeerSender.Domain.Tests.csproj", "{44F645B7-AFFE-4F21-856A-37806F3133FE}"
EndProject
Project("{FAE04EC0-301F-11D3-BF4B-00C04F79EFBC}") = "BeerSender.Web", "src\BeerSender.Web\BeerSender.Web.csproj", "{09BA8A69-97DC-4FA7-9128-C38189C4C579}"
EndProject
Project("{FAE04EC0-301F-11D3-BF4B-00C04F79EFBC}") = "BeerSender.EventStore", "src\BeerSender.EventStore\BeerSender.EventStore.csproj", "{066F3610-6594-4C67-928C-9CAC43A010C4}"
EndProject
Project("{FAE04EC0-301F-11D3-BF4B-00C04F79EFBC}") = "BeerSender.QueryAPI", "src\BeerSender.QueryAPI\BeerSender.QueryAPI.csproj", "{7657DF4E-5865-422D-927B-072E159C0FED}"
EndProject
Global
	GlobalSection(SolutionConfigurationPlatforms) = preSolution
		Debug|Any CPU = Debug|Any CPU
		Release|Any CPU = Release|Any CPU
	EndGlobalSection
	GlobalSection(ProjectConfigurationPlatforms) = postSolution
		{B70C88A4-9AC6-477A-9569-C7B515B793B3}.Debug|Any CPU.ActiveCfg = Debug|Any CPU
		{B70C88A4-9AC6-477A-9569-C7B515B793B3}.Debug|Any CPU.Build.0 = Debug|Any CPU
		{B70C88A4-9AC6-477A-9569-C7B515B793B3}.Release|Any CPU.ActiveCfg = Release|Any CPU
		{B70C88A4-9AC6-477A-9569-C7B515B793B3}.Release|Any CPU.Build.0 = Release|Any CPU
		{44F645B7-AFFE-4F21-856A-37806F3133FE}.Debug|Any CPU.ActiveCfg = Debug|Any CPU
		{44F645B7-AFFE-4F21-856A-37806F3133FE}.Debug|Any CPU.Build.0 = Debug|Any CPU
		{44F645B7-AFFE-4F21-856A-37806F3133FE}.Release|Any CPU.ActiveCfg = Release|Any CPU
		{44F645B7-AFFE-4F21-856A-37806F3133FE}.Release|Any CPU.Build.0 = Release|Any CPU
		{09BA8A69-97DC-4FA7-9128-C38189C4C579}.Debug|Any CPU.ActiveCfg = Debug|Any CPU
		{09BA8A69-97DC-4FA7-9128-C38189C4C579}.Debug|Any CPU.Build.0 = Debug|Any CPU
		{09BA8A69-97DC-4FA7-9128-C38189C4C579}.Release|Any CPU.ActiveCfg = Release|Any CPU
		{09BA8A69-97DC-4FA7-9128-C38189C4C579}.Release|Any CPU.Build.0 = Release|Any CPU
		{066F3610-6594-4C67-928C-9CAC43A010C4}.Debug|Any CPU.ActiveCfg = Debug|Any CPU
		{066F3610-6594-4C67-928C-9CAC43A010C4}.Debug|Any CPU.Build.0 = Debug|Any CPU
		{066F3610-6594-4C67-928C-9CAC43A010C4}.Release|Any CPU.ActiveCfg = Release|Any CPU
		{066F3610-6594-4C67-928C-9CAC43A010C4}.Release|Any CPU.Build.0 = Release|Any CPU
		{7657DF4E-5865-422D-927B-072E159C0FED}.Debug|Any CPU.ActiveCfg = Debug|Any CPU
		{7657DF4E-5865-422D-927B-072E159C0FED}.Debug|Any CPU.Build.0 = Debug|Any CPU
		{7657DF4E-5865-422D-927B-072E159C0FED}.Release|Any CPU.ActiveCfg = Release|Any CPU
		{7657DF4E-5865-422D-927B-072E159C0FED}.Release|Any CPU.Build.0 = Release|Any CPU
	EndGlobalSection
	GlobalSection(NestedProjects) = preSolution
		{B70C88A4-9AC6-477A-9569-C7B515B793B3} = {66F2F49E-4A32-4570-B07E-45F730F0967D}
		{44F645B7-AFFE-4F21-856A-37806F3133FE} = {499536AC-A36E-460F-BFFC-2374B27795CB}
		{09BA8A69-97DC-4FA7-9128-C38189C4C579} = {66F2F49E-4A32-4570-B07E-45F730F0967D}
		{066F3610-6594-4C67-928C-9CAC43A010C4} = {66F2F49E-4A32-4570-B07E-45F730F0967D}
		{7657DF4E-5865-422D-927B-072E159C0FED} = {66F2F49E-4A32-4570-B07E-45F730F0967D}
	EndGlobalSection
EndGlobal
